
Microsoft Visual Studio Solution File, Format Version 12.00
# Visual Studio Version 17
VisualStudioVersion = 17.0.31903.59
MinimumVisualStudioVersion = 10.0.40219.1
Project("{2150E333-8FDC-42A3-9474-1A3956D46DE8}") = "Host", "Host", "{7226ABEA-787E-1D09-10EA-A2ECF996D6A6}"
EndProject
Project("{FAE04EC0-301F-11D3-BF4B-00C04F79EFBC}") = "Finova.API", "Host\Finova.API\Finova.API.csproj", "{E5C8EA7A-FAEF-4B2E-83DA-BB09F17442C2}"
EndProject
Project("{2150E333-8FDC-42A3-9474-1A3956D46DE8}") = "Modules", "Modules", "{CA253913-39DE-BFD0-C9A3-4B7EC6FBDF17}"
EndProject
Project("{2150E333-8FDC-42A3-9474-1A3956D46DE8}") = "SendMoney.Module", "SendMoney.Module", "{ED7F4AA8-E8EF-7492-D846-FADA190C2425}"
EndProject
Project("{2150E333-8FDC-42A3-9474-1A3956D46DE8}") = "Domain", "Domain", "{4E0F1BEC-9F6E-9D1F-F891-213CB43EF806}"
EndProject
Project("{FAE04EC0-301F-11D3-BF4B-00C04F79EFBC}") = "SendMoney.Domain", "Modules\SendMoney.Module\Domain\SendMoney.Domain.csproj", "{C31DA465-6F2F-4193-858E-27099D7EFF06}"
EndProject
Project("{2150E333-8FDC-42A3-9474-1A3956D46DE8}") = "Application", "Application", "{5EDE3DFC-FE98-F4D0-7CB9-F184CFED0F88}"
EndProject
Project("{FAE04EC0-301F-11D3-BF4B-00C04F79EFBC}") = "SendMoney.Application", "Modules\SendMoney.Module\Application\SendMoney.Application.csproj", "{5CC9D5F5-193A-42EE-903E-4473FA140306}"
EndProject
Project("{2150E333-8FDC-42A3-9474-1A3956D46DE8}") = "Infrastructure", "Infrastructure", "{C8107D78-FBDF-8E62-2469-45D81ECFC2F9}"
EndProject
Project("{FAE04EC0-301F-11D3-BF4B-00C04F79EFBC}") = "SendMoney.Infrastructure", "Modules\SendMoney.Module\Infrastructure\SendMoney.Infrastructure.csproj", "{5217DBDA-1742-40A1-BA6C-1386738F7525}"
EndProject
Project("{2150E333-8FDC-42A3-9474-1A3956D46DE8}") = "Presentation", "Presentation", "{818F46AF-6D12-0CBE-987F-A62E23E545A3}"
EndProject
Project("{FAE04EC0-301F-11D3-BF4B-00C04F79EFBC}") = "SendMoney.Presentation", "Modules\SendMoney.Module\Presentation\SendMoney.Presentation.csproj", "{9CFE08D8-46BB-4ACF-B92E-32C9206AE334}"
EndProject
Project("{2150E333-8FDC-42A3-9474-1A3956D46DE8}") = "Banks.Module", "Banks.Module", "{865EEDC0-160E-A0C0-0AAF-C5469E990B83}"
EndProject
Project("{2150E333-8FDC-42A3-9474-1A3956D46DE8}") = "Domain", "Domain", "{B1AEA072-8221-1BD9-1544-FD5A67FD6927}"
EndProject
Project("{FAE04EC0-301F-11D3-BF4B-00C04F79EFBC}") = "Banks.Domain", "Modules\Banks.Module\Domain\Banks.Domain.csproj", "{28419AE8-C13D-4C23-BFEC-BE8217466029}"
EndProject
Project("{2150E333-8FDC-42A3-9474-1A3956D46DE8}") = "Application", "Application", "{491F099E-2979-BE46-B24F-1E0E9B55FE29}"
EndProject
Project("{FAE04EC0-301F-11D3-BF4B-00C04F79EFBC}") = "Banks.Application", "Modules\Banks.Module\Application\Banks.Application.csproj", "{ED11B952-49A9-4F72-B8DA-FE0BCA67DF53}"
EndProject
Project("{2150E333-8FDC-42A3-9474-1A3956D46DE8}") = "Infrastructure", "Infrastructure", "{67BAF522-EA79-C63C-1C30-589C9FF4495D}"
EndProject
Project("{FAE04EC0-301F-11D3-BF4B-00C04F79EFBC}") = "Banks.Infrastructure", "Modules\Banks.Module\Infrastructure\Banks.Infrastructure.csproj", "{56B7F511-5BBF-47C5-8BC7-12B77E530433}"
EndProject
Project("{2150E333-8FDC-42A3-9474-1A3956D46DE8}") = "Presentation", "Presentation", "{EF476102-1DE1-DDA1-A23F-15D033E24E6B}"
EndProject
Project("{FAE04EC0-301F-11D3-BF4B-00C04F79EFBC}") = "Banks.Presentation", "Modules\Banks.Module\Presentation\Banks.Presentation.csproj", "{EC6CC075-D741-42DF-8EB1-D61364152C27}"
EndProject
Project("{2150E333-8FDC-42A3-9474-1A3956D46DE8}") = "ReceiveMoney.Module", "ReceiveMoney.Module", "{F247E599-8D3B-3458-F892-EF27D75C1771}"
EndProject
Project("{2150E333-8FDC-42A3-9474-1A3956D46DE8}") = "Domain", "Domain", "{38AEBA38-35D5-DCCF-89F3-A2CD942A6239}"
EndProject
Project("{FAE04EC0-301F-11D3-BF4B-00C04F79EFBC}") = "ReceiveMoney.Domain", "Modules\ReceiveMoney.Module\Domain\ReceiveMoney.Domain.csproj", "{86942CC2-DB99-4579-9D2F-13D5034992E6}"
EndProject
Project("{2150E333-8FDC-42A3-9474-1A3956D46DE8}") = "Application", "Application", "{3735E2AF-D0C2-C269-60DE-69447BCB1479}"
EndProject
Project("{FAE04EC0-301F-11D3-BF4B-00C04F79EFBC}") = "ReceiveMoney.Application", "Modules\ReceiveMoney.Module\Application\ReceiveMoney.Application.csproj", "{2213D3D4-56E5-4AC9-95F2-56FCAB352EC4}"
EndProject
Project("{2150E333-8FDC-42A3-9474-1A3956D46DE8}") = "Infrastructure", "Infrastructure", "{FAD73FCF-5116-3AAD-B1D5-78A4146FB451}"
EndProject
Project("{FAE04EC0-301F-11D3-BF4B-00C04F79EFBC}") = "ReceiveMoney.Infrastructure", "Modules\ReceiveMoney.Module\Infrastructure\ReceiveMoney.Infrastructure.csproj", "{88B7ABC6-1C19-4AD1-9D15-5C83CEBCAB53}"
EndProject
Project("{2150E333-8FDC-42A3-9474-1A3956D46DE8}") = "Presentation", "Presentation", "{58CEFFB3-48F3-3127-AA53-C1DC0B6ACAFE}"
EndProject
Project("{FAE04EC0-301F-11D3-BF4B-00C04F79EFBC}") = "ReceiveMoney.Presentation", "Modules\ReceiveMoney.Module\Presentation\ReceiveMoney.Presentation.csproj", "{ADD928BF-0F85-45C2-B6AA-D13FEFF162C9}"
EndProject
Project("{2150E333-8FDC-42A3-9474-1A3956D46DE8}") = "Identity.Module", "Identity.Module", "{7BA61F92-A04D-02EB-F743-3D3582F88956}"
EndProject
Project("{2150E333-8FDC-42A3-9474-1A3956D46DE8}") = "Domain", "Domain", "{979A6F04-6F58-97F1-595A-96F628BADC35}"
EndProject
Project("{FAE04EC0-301F-11D3-BF4B-00C04F79EFBC}") = "Identity.Domain", "Modules\Identity.Module\Domain\Identity.Domain.csproj", "{69120FF0-3D03-4929-89ED-E730DC1C8579}"
EndProject
Project("{2150E333-8FDC-42A3-9474-1A3956D46DE8}") = "Application", "Application", "{837CF2CF-4A9F-302B-B719-D4865491EC6A}"
EndProject
Project("{FAE04EC0-301F-11D3-BF4B-00C04F79EFBC}") = "Identity.Application", "Modules\Identity.Module\Application\Identity.Application.csproj", "{CAC639F8-9CF2-4C97-8CA1-976D1AB2F592}"
EndProject
Project("{2150E333-8FDC-42A3-9474-1A3956D46DE8}") = "Infrastructure", "Infrastructure", "{03AB4AA3-C622-9E99-57FC-2113EEDBC3FB}"
EndProject
Project("{FAE04EC0-301F-11D3-BF4B-00C04F79EFBC}") = "Identity.Infrastructure", "Modules\Identity.Module\Infrastructure\Identity.Infrastructure.csproj", "{F6C0AC1D-2CB6-4559-9E23-B87E922D6812}"
EndProject
Project("{2150E333-8FDC-42A3-9474-1A3956D46DE8}") = "Presentation", "Presentation", "{97503822-350A-E4AC-1427-B50807F521A5}"
EndProject
Project("{FAE04EC0-301F-11D3-BF4B-00C04F79EFBC}") = "Identity.Presentation", "Modules\Identity.Module\Presentation\Identity.Presentation.csproj", "{AD273F42-1822-4281-ADE5-1B66F1FDC454}"
EndProject
Global
	GlobalSection(SolutionConfigurationPlatforms) = preSolution
		Debug|Any CPU = Debug|Any CPU
		Debug|x64 = Debug|x64
		Debug|x86 = Debug|x86
		Release|Any CPU = Release|Any CPU
		Release|x64 = Release|x64
		Release|x86 = Release|x86
	EndGlobalSection
	GlobalSection(ProjectConfigurationPlatforms) = postSolution
		{E5C8EA7A-FAEF-4B2E-83DA-BB09F17442C2}.Debug|Any CPU.ActiveCfg = Debug|Any CPU
		{E5C8EA7A-FAEF-4B2E-83DA-BB09F17442C2}.Debug|Any CPU.Build.0 = Debug|Any CPU
		{E5C8EA7A-FAEF-4B2E-83DA-BB09F17442C2}.Debug|x64.ActiveCfg = Debug|Any CPU
		{E5C8EA7A-FAEF-4B2E-83DA-BB09F17442C2}.Debug|x64.Build.0 = Debug|Any CPU
		{E5C8EA7A-FAEF-4B2E-83DA-BB09F17442C2}.Debug|x86.ActiveCfg = Debug|Any CPU
		{E5C8EA7A-FAEF-4B2E-83DA-BB09F17442C2}.Debug|x86.Build.0 = Debug|Any CPU
		{E5C8EA7A-FAEF-4B2E-83DA-BB09F17442C2}.Release|Any CPU.ActiveCfg = Release|Any CPU
		{E5C8EA7A-FAEF-4B2E-83DA-BB09F17442C2}.Release|Any CPU.Build.0 = Release|Any CPU
		{E5C8EA7A-FAEF-4B2E-83DA-BB09F17442C2}.Release|x64.ActiveCfg = Release|Any CPU
		{E5C8EA7A-FAEF-4B2E-83DA-BB09F17442C2}.Release|x64.Build.0 = Release|Any CPU
		{E5C8EA7A-FAEF-4B2E-83DA-BB09F17442C2}.Release|x86.ActiveCfg = Release|Any CPU
		{E5C8EA7A-FAEF-4B2E-83DA-BB09F17442C2}.Release|x86.Build.0 = Release|Any CPU
		{C31DA465-6F2F-4193-858E-27099D7EFF06}.Debug|Any CPU.ActiveCfg = Debug|Any CPU
		{C31DA465-6F2F-4193-858E-27099D7EFF06}.Debug|Any CPU.Build.0 = Debug|Any CPU
		{C31DA465-6F2F-4193-858E-27099D7EFF06}.Debug|x64.ActiveCfg = Debug|Any CPU
		{C31DA465-6F2F-4193-858E-27099D7EFF06}.Debug|x64.Build.0 = Debug|Any CPU
		{C31DA465-6F2F-4193-858E-27099D7EFF06}.Debug|x86.ActiveCfg = Debug|Any CPU
		{C31DA465-6F2F-4193-858E-27099D7EFF06}.Debug|x86.Build.0 = Debug|Any CPU
		{C31DA465-6F2F-4193-858E-27099D7EFF06}.Release|Any CPU.ActiveCfg = Release|Any CPU
		{C31DA465-6F2F-4193-858E-27099D7EFF06}.Release|Any CPU.Build.0 = Release|Any CPU
		{C31DA465-6F2F-4193-858E-27099D7EFF06}.Release|x64.ActiveCfg = Release|Any CPU
		{C31DA465-6F2F-4193-858E-27099D7EFF06}.Release|x64.Build.0 = Release|Any CPU
		{C31DA465-6F2F-4193-858E-27099D7EFF06}.Release|x86.ActiveCfg = Release|Any CPU
		{C31DA465-6F2F-4193-858E-27099D7EFF06}.Release|x86.Build.0 = Release|Any CPU
		{5CC9D5F5-193A-42EE-903E-4473FA140306}.Debug|Any CPU.ActiveCfg = Debug|Any CPU
		{5CC9D5F5-193A-42EE-903E-4473FA140306}.Debug|Any CPU.Build.0 = Debug|Any CPU
		{5CC9D5F5-193A-42EE-903E-4473FA140306}.Debug|x64.ActiveCfg = Debug|Any CPU
		{5CC9D5F5-193A-42EE-903E-4473FA140306}.Debug|x64.Build.0 = Debug|Any CPU
		{5CC9D5F5-193A-42EE-903E-4473FA140306}.Debug|x86.ActiveCfg = Debug|Any CPU
		{5CC9D5F5-193A-42EE-903E-4473FA140306}.Debug|x86.Build.0 = Debug|Any CPU
		{5CC9D5F5-193A-42EE-903E-4473FA140306}.Release|Any CPU.ActiveCfg = Release|Any CPU
		{5CC9D5F5-193A-42EE-903E-4473FA140306}.Release|Any CPU.Build.0 = Release|Any CPU
		{5CC9D5F5-193A-42EE-903E-4473FA140306}.Release|x64.ActiveCfg = Release|Any CPU
		{5CC9D5F5-193A-42EE-903E-4473FA140306}.Release|x64.Build.0 = Release|Any CPU
		{5CC9D5F5-193A-42EE-903E-4473FA140306}.Release|x86.ActiveCfg = Release|Any CPU
		{5CC9D5F5-193A-42EE-903E-4473FA140306}.Release|x86.Build.0 = Release|Any CPU
		{5217DBDA-1742-40A1-BA6C-1386738F7525}.Debug|Any CPU.ActiveCfg = Debug|Any CPU
		{5217DBDA-1742-40A1-BA6C-1386738F7525}.Debug|Any CPU.Build.0 = Debug|Any CPU
		{5217DBDA-1742-40A1-BA6C-1386738F7525}.Debug|x64.ActiveCfg = Debug|Any CPU
		{5217DBDA-1742-40A1-BA6C-1386738F7525}.Debug|x64.Build.0 = Debug|Any CPU
		{5217DBDA-1742-40A1-BA6C-1386738F7525}.Debug|x86.ActiveCfg = Debug|Any CPU
		{5217DBDA-1742-40A1-BA6C-1386738F7525}.Debug|x86.Build.0 = Debug|Any CPU
		{5217DBDA-1742-40A1-BA6C-1386738F7525}.Release|Any CPU.ActiveCfg = Release|Any CPU
		{5217DBDA-1742-40A1-BA6C-1386738F7525}.Release|Any CPU.Build.0 = Release|Any CPU
		{5217DBDA-1742-40A1-BA6C-1386738F7525}.Release|x64.ActiveCfg = Release|Any CPU
		{5217DBDA-1742-40A1-BA6C-1386738F7525}.Release|x64.Build.0 = Release|Any CPU
		{5217DBDA-1742-40A1-BA6C-1386738F7525}.Release|x86.ActiveCfg = Release|Any CPU
		{5217DBDA-1742-40A1-BA6C-1386738F7525}.Release|x86.Build.0 = Release|Any CPU
		{9CFE08D8-46BB-4ACF-B92E-32C9206AE334}.Debug|Any CPU.ActiveCfg = Debug|Any CPU
		{9CFE08D8-46BB-4ACF-B92E-32C9206AE334}.Debug|Any CPU.Build.0 = Debug|Any CPU
		{9CFE08D8-46BB-4ACF-B92E-32C9206AE334}.Debug|x64.ActiveCfg = Debug|Any CPU
		{9CFE08D8-46BB-4ACF-B92E-32C9206AE334}.Debug|x64.Build.0 = Debug|Any CPU
		{9CFE08D8-46BB-4ACF-B92E-32C9206AE334}.Debug|x86.ActiveCfg = Debug|Any CPU
		{9CFE08D8-46BB-4ACF-B92E-32C9206AE334}.Debug|x86.Build.0 = Debug|Any CPU
		{9CFE08D8-46BB-4ACF-B92E-32C9206AE334}.Release|Any CPU.ActiveCfg = Release|Any CPU
		{9CFE08D8-46BB-4ACF-B92E-32C9206AE334}.Release|Any CPU.Build.0 = Release|Any CPU
		{9CFE08D8-46BB-4ACF-B92E-32C9206AE334}.Release|x64.ActiveCfg = Release|Any CPU
		{9CFE08D8-46BB-4ACF-B92E-32C9206AE334}.Release|x64.Build.0 = Release|Any CPU
		{9CFE08D8-46BB-4ACF-B92E-32C9206AE334}.Release|x86.ActiveCfg = Release|Any CPU
		{9CFE08D8-46BB-4ACF-B92E-32C9206AE334}.Release|x86.Build.0 = Release|Any CPU
		{28419AE8-C13D-4C23-BFEC-BE8217466029}.Debug|Any CPU.ActiveCfg = Debug|Any CPU
		{28419AE8-C13D-4C23-BFEC-BE8217466029}.Debug|Any CPU.Build.0 = Debug|Any CPU
		{28419AE8-C13D-4C23-BFEC-BE8217466029}.Debug|x64.ActiveCfg = Debug|Any CPU
		{28419AE8-C13D-4C23-BFEC-BE8217466029}.Debug|x64.Build.0 = Debug|Any CPU
		{28419AE8-C13D-4C23-BFEC-BE8217466029}.Debug|x86.ActiveCfg = Debug|Any CPU
		{28419AE8-C13D-4C23-BFEC-BE8217466029}.Debug|x86.Build.0 = Debug|Any CPU
		{28419AE8-C13D-4C23-BFEC-BE8217466029}.Release|Any CPU.ActiveCfg = Release|Any CPU
		{28419AE8-C13D-4C23-BFEC-BE8217466029}.Release|Any CPU.Build.0 = Release|Any CPU
		{28419AE8-C13D-4C23-BFEC-BE8217466029}.Release|x64.ActiveCfg = Release|Any CPU
		{28419AE8-C13D-4C23-BFEC-BE8217466029}.Release|x64.Build.0 = Release|Any CPU
		{28419AE8-C13D-4C23-BFEC-BE8217466029}.Release|x86.ActiveCfg = Release|Any CPU
		{28419AE8-C13D-4C23-BFEC-BE8217466029}.Release|x86.Build.0 = Release|Any CPU
		{ED11B952-49A9-4F72-B8DA-FE0BCA67DF53}.Debug|Any CPU.ActiveCfg = Debug|Any CPU
		{ED11B952-49A9-4F72-B8DA-FE0BCA67DF53}.Debug|Any CPU.Build.0 = Debug|Any CPU
		{ED11B952-49A9-4F72-B8DA-FE0BCA67DF53}.Debug|x64.ActiveCfg = Debug|Any CPU
		{ED11B952-49A9-4F72-B8DA-FE0BCA67DF53}.Debug|x64.Build.0 = Debug|Any CPU
		{ED11B952-49A9-4F72-B8DA-FE0BCA67DF53}.Debug|x86.ActiveCfg = Debug|Any CPU
		{ED11B952-49A9-4F72-B8DA-FE0BCA67DF53}.Debug|x86.Build.0 = Debug|Any CPU
		{ED11B952-49A9-4F72-B8DA-FE0BCA67DF53}.Release|Any CPU.ActiveCfg = Release|Any CPU
		{ED11B952-49A9-4F72-B8DA-FE0BCA67DF53}.Release|Any CPU.Build.0 = Release|Any CPU
		{ED11B952-49A9-4F72-B8DA-FE0BCA67DF53}.Release|x64.ActiveCfg = Release|Any CPU
		{ED11B952-49A9-4F72-B8DA-FE0BCA67DF53}.Release|x64.Build.0 = Release|Any CPU
		{ED11B952-49A9-4F72-B8DA-FE0BCA67DF53}.Release|x86.ActiveCfg = Release|Any CPU
		{ED11B952-49A9-4F72-B8DA-FE0BCA67DF53}.Release|x86.Build.0 = Release|Any CPU
		{56B7F511-5BBF-47C5-8BC7-12B77E530433}.Debug|Any CPU.ActiveCfg = Debug|Any CPU
		{56B7F511-5BBF-47C5-8BC7-12B77E530433}.Debug|Any CPU.Build.0 = Debug|Any CPU
		{56B7F511-5BBF-47C5-8BC7-12B77E530433}.Debug|x64.ActiveCfg = Debug|Any CPU
		{56B7F511-5BBF-47C5-8BC7-12B77E530433}.Debug|x64.Build.0 = Debug|Any CPU
		{56B7F511-5BBF-47C5-8BC7-12B77E530433}.Debug|x86.ActiveCfg = Debug|Any CPU
		{56B7F511-5BBF-47C5-8BC7-12B77E530433}.Debug|x86.Build.0 = Debug|Any CPU
		{56B7F511-5BBF-47C5-8BC7-12B77E530433}.Release|Any CPU.ActiveCfg = Release|Any CPU
		{56B7F511-5BBF-47C5-8BC7-12B77E530433}.Release|Any CPU.Build.0 = Release|Any CPU
		{56B7F511-5BBF-47C5-8BC7-12B77E530433}.Release|x64.ActiveCfg = Release|Any CPU
		{56B7F511-5BBF-47C5-8BC7-12B77E530433}.Release|x64.Build.0 = Release|Any CPU
		{56B7F511-5BBF-47C5-8BC7-12B77E530433}.Release|x86.ActiveCfg = Release|Any CPU
		{56B7F511-5BBF-47C5-8BC7-12B77E530433}.Release|x86.Build.0 = Release|Any CPU
		{EC6CC075-D741-42DF-8EB1-D61364152C27}.Debug|Any CPU.ActiveCfg = Debug|Any CPU
		{EC6CC075-D741-42DF-8EB1-D61364152C27}.Debug|Any CPU.Build.0 = Debug|Any CPU
		{EC6CC075-D741-42DF-8EB1-D61364152C27}.Debug|x64.ActiveCfg = Debug|Any CPU
		{EC6CC075-D741-42DF-8EB1-D61364152C27}.Debug|x64.Build.0 = Debug|Any CPU
		{EC6CC075-D741-42DF-8EB1-D61364152C27}.Debug|x86.ActiveCfg = Debug|Any CPU
		{EC6CC075-D741-42DF-8EB1-D61364152C27}.Debug|x86.Build.0 = Debug|Any CPU
		{EC6CC075-D741-42DF-8EB1-D61364152C27}.Release|Any CPU.ActiveCfg = Release|Any CPU
		{EC6CC075-D741-42DF-8EB1-D61364152C27}.Release|Any CPU.Build.0 = Release|Any CPU
		{EC6CC075-D741-42DF-8EB1-D61364152C27}.Release|x64.ActiveCfg = Release|Any CPU
		{EC6CC075-D741-42DF-8EB1-D61364152C27}.Release|x64.Build.0 = Release|Any CPU
		{EC6CC075-D741-42DF-8EB1-D61364152C27}.Release|x86.ActiveCfg = Release|Any CPU
		{EC6CC075-D741-42DF-8EB1-D61364152C27}.Release|x86.Build.0 = Release|Any CPU
		{86942CC2-DB99-4579-9D2F-13D5034992E6}.Debug|Any CPU.ActiveCfg = Debug|Any CPU
		{86942CC2-DB99-4579-9D2F-13D5034992E6}.Debug|Any CPU.Build.0 = Debug|Any CPU
		{86942CC2-DB99-4579-9D2F-13D5034992E6}.Debug|x64.ActiveCfg = Debug|Any CPU
		{86942CC2-DB99-4579-9D2F-13D5034992E6}.Debug|x64.Build.0 = Debug|Any CPU
		{86942CC2-DB99-4579-9D2F-13D5034992E6}.Debug|x86.ActiveCfg = Debug|Any CPU
		{86942CC2-DB99-4579-9D2F-13D5034992E6}.Debug|x86.Build.0 = Debug|Any CPU
		{86942CC2-DB99-4579-9D2F-13D5034992E6}.Release|Any CPU.ActiveCfg = Release|Any CPU
		{86942CC2-DB99-4579-9D2F-13D5034992E6}.Release|Any CPU.Build.0 = Release|Any CPU
		{86942CC2-DB99-4579-9D2F-13D5034992E6}.Release|x64.ActiveCfg = Release|Any CPU
		{86942CC2-DB99-4579-9D2F-13D5034992E6}.Release|x64.Build.0 = Release|Any CPU
		{86942CC2-DB99-4579-9D2F-13D5034992E6}.Release|x86.ActiveCfg = Release|Any CPU
		{86942CC2-DB99-4579-9D2F-13D5034992E6}.Release|x86.Build.0 = Release|Any CPU
		{2213D3D4-56E5-4AC9-95F2-56FCAB352EC4}.Debug|Any CPU.ActiveCfg = Debug|Any CPU
		{2213D3D4-56E5-4AC9-95F2-56FCAB352EC4}.Debug|Any CPU.Build.0 = Debug|Any CPU
		{2213D3D4-56E5-4AC9-95F2-56FCAB352EC4}.Debug|x64.ActiveCfg = Debug|Any CPU
		{2213D3D4-56E5-4AC9-95F2-56FCAB352EC4}.Debug|x64.Build.0 = Debug|Any CPU
		{2213D3D4-56E5-4AC9-95F2-56FCAB352EC4}.Debug|x86.ActiveCfg = Debug|Any CPU
		{2213D3D4-56E5-4AC9-95F2-56FCAB352EC4}.Debug|x86.Build.0 = Debug|Any CPU
		{2213D3D4-56E5-4AC9-95F2-56FCAB352EC4}.Release|Any CPU.ActiveCfg = Release|Any CPU
		{2213D3D4-56E5-4AC9-95F2-56FCAB352EC4}.Release|Any CPU.Build.0 = Release|Any CPU
		{2213D3D4-56E5-4AC9-95F2-56FCAB352EC4}.Release|x64.ActiveCfg = Release|Any CPU
		{2213D3D4-56E5-4AC9-95F2-56FCAB352EC4}.Release|x64.Build.0 = Release|Any CPU
		{2213D3D4-56E5-4AC9-95F2-56FCAB352EC4}.Release|x86.ActiveCfg = Release|Any CPU
		{2213D3D4-56E5-4AC9-95F2-56FCAB352EC4}.Release|x86.Build.0 = Release|Any CPU
		{88B7ABC6-1C19-4AD1-9D15-5C83CEBCAB53}.Debug|Any CPU.ActiveCfg = Debug|Any CPU
		{88B7ABC6-1C19-4AD1-9D15-5C83CEBCAB53}.Debug|Any CPU.Build.0 = Debug|Any CPU
		{88B7ABC6-1C19-4AD1-9D15-5C83CEBCAB53}.Debug|x64.ActiveCfg = Debug|Any CPU
		{88B7ABC6-1C19-4AD1-9D15-5C83CEBCAB53}.Debug|x64.Build.0 = Debug|Any CPU
		{88B7ABC6-1C19-4AD1-9D15-5C83CEBCAB53}.Debug|x86.ActiveCfg = Debug|Any CPU
		{88B7ABC6-1C19-4AD1-9D15-5C83CEBCAB53}.Debug|x86.Build.0 = Debug|Any CPU
		{88B7ABC6-1C19-4AD1-9D15-5C83CEBCAB53}.Release|Any CPU.ActiveCfg = Release|Any CPU
		{88B7ABC6-1C19-4AD1-9D15-5C83CEBCAB53}.Release|Any CPU.Build.0 = Release|Any CPU
		{88B7ABC6-1C19-4AD1-9D15-5C83CEBCAB53}.Release|x64.ActiveCfg = Release|Any CPU
		{88B7ABC6-1C19-4AD1-9D15-5C83CEBCAB53}.Release|x64.Build.0 = Release|Any CPU
		{88B7ABC6-1C19-4AD1-9D15-5C83CEBCAB53}.Release|x86.ActiveCfg = Release|Any CPU
		{88B7ABC6-1C19-4AD1-9D15-5C83CEBCAB53}.Release|x86.Build.0 = Release|Any CPU
		{ADD928BF-0F85-45C2-B6AA-D13FEFF162C9}.Debug|Any CPU.ActiveCfg = Debug|Any CPU
		{ADD928BF-0F85-45C2-B6AA-D13FEFF162C9}.Debug|Any CPU.Build.0 = Debug|Any CPU
		{ADD928BF-0F85-45C2-B6AA-D13FEFF162C9}.Debug|x64.ActiveCfg = Debug|Any CPU
		{ADD928BF-0F85-45C2-B6AA-D13FEFF162C9}.Debug|x64.Build.0 = Debug|Any CPU
		{ADD928BF-0F85-45C2-B6AA-D13FEFF162C9}.Debug|x86.ActiveCfg = Debug|Any CPU
		{ADD928BF-0F85-45C2-B6AA-D13FEFF162C9}.Debug|x86.Build.0 = Debug|Any CPU
		{ADD928BF-0F85-45C2-B6AA-D13FEFF162C9}.Release|Any CPU.ActiveCfg = Release|Any CPU
		{ADD928BF-0F85-45C2-B6AA-D13FEFF162C9}.Release|Any CPU.Build.0 = Release|Any CPU
		{ADD928BF-0F85-45C2-B6AA-D13FEFF162C9}.Release|x64.ActiveCfg = Release|Any CPU
		{ADD928BF-0F85-45C2-B6AA-D13FEFF162C9}.Release|x64.Build.0 = Release|Any CPU
		{ADD928BF-0F85-45C2-B6AA-D13FEFF162C9}.Release|x86.ActiveCfg = Release|Any CPU
		{ADD928BF-0F85-45C2-B6AA-D13FEFF162C9}.Release|x86.Build.0 = Release|Any CPU
		{69120FF0-3D03-4929-89ED-E730DC1C8579}.Debug|Any CPU.ActiveCfg = Debug|Any CPU
		{69120FF0-3D03-4929-89ED-E730DC1C8579}.Debug|Any CPU.Build.0 = Debug|Any CPU
		{69120FF0-3D03-4929-89ED-E730DC1C8579}.Debug|x64.ActiveCfg = Debug|Any CPU
		{69120FF0-3D03-4929-89ED-E730DC1C8579}.Debug|x64.Build.0 = Debug|Any CPU
		{69120FF0-3D03-4929-89ED-E730DC1C8579}.Debug|x86.ActiveCfg = Debug|Any CPU
		{69120FF0-3D03-4929-89ED-E730DC1C8579}.Debug|x86.Build.0 = Debug|Any CPU
		{69120FF0-3D03-4929-89ED-E730DC1C8579}.Release|Any CPU.ActiveCfg = Release|Any CPU
		{69120FF0-3D03-4929-89ED-E730DC1C8579}.Release|Any CPU.Build.0 = Release|Any CPU
		{69120FF0-3D03-4929-89ED-E730DC1C8579}.Release|x64.ActiveCfg = Release|Any CPU
		{69120FF0-3D03-4929-89ED-E730DC1C8579}.Release|x64.Build.0 = Release|Any CPU
		{69120FF0-3D03-4929-89ED-E730DC1C8579}.Release|x86.ActiveCfg = Release|Any CPU
		{69120FF0-3D03-4929-89ED-E730DC1C8579}.Release|x86.Build.0 = Release|Any CPU
		{CAC639F8-9CF2-4C97-8CA1-976D1AB2F592}.Debug|Any CPU.ActiveCfg = Debug|Any CPU
		{CAC639F8-9CF2-4C97-8CA1-976D1AB2F592}.Debug|Any CPU.Build.0 = Debug|Any CPU
		{CAC639F8-9CF2-4C97-8CA1-976D1AB2F592}.Debug|x64.ActiveCfg = Debug|Any CPU
		{CAC639F8-9CF2-4C97-8CA1-976D1AB2F592}.Debug|x64.Build.0 = Debug|Any CPU
		{CAC639F8-9CF2-4C97-8CA1-976D1AB2F592}.Debug|x86.ActiveCfg = Debug|Any CPU
		{CAC639F8-9CF2-4C97-8CA1-976D1AB2F592}.Debug|x86.Build.0 = Debug|Any CPU
		{CAC639F8-9CF2-4C97-8CA1-976D1AB2F592}.Release|Any CPU.ActiveCfg = Release|Any CPU
		{CAC639F8-9CF2-4C97-8CA1-976D1AB2F592}.Release|Any CPU.Build.0 = Release|Any CPU
		{CAC639F8-9CF2-4C97-8CA1-976D1AB2F592}.Release|x64.ActiveCfg = Release|Any CPU
		{CAC639F8-9CF2-4C97-8CA1-976D1AB2F592}.Release|x64.Build.0 = Release|Any CPU
		{CAC639F8-9CF2-4C97-8CA1-976D1AB2F592}.Release|x86.ActiveCfg = Release|Any CPU
		{CAC639F8-9CF2-4C97-8CA1-976D1AB2F592}.Release|x86.Build.0 = Release|Any CPU
		{F6C0AC1D-2CB6-4559-9E23-B87E922D6812}.Debug|Any CPU.ActiveCfg = Debug|Any CPU
		{F6C0AC1D-2CB6-4559-9E23-B87E922D6812}.Debug|Any CPU.Build.0 = Debug|Any CPU
		{F6C0AC1D-2CB6-4559-9E23-B87E922D6812}.Debug|x64.ActiveCfg = Debug|Any CPU
		{F6C0AC1D-2CB6-4559-9E23-B87E922D6812}.Debug|x64.Build.0 = Debug|Any CPU
		{F6C0AC1D-2CB6-4559-9E23-B87E922D6812}.Debug|x86.ActiveCfg = Debug|Any CPU
		{F6C0AC1D-2CB6-4559-9E23-B87E922D6812}.Debug|x86.Build.0 = Debug|Any CPU
		{F6C0AC1D-2CB6-4559-9E23-B87E922D6812}.Release|Any CPU.ActiveCfg = Release|Any CPU
		{F6C0AC1D-2CB6-4559-9E23-B87E922D6812}.Release|Any CPU.Build.0 = Release|Any CPU
		{F6C0AC1D-2CB6-4559-9E23-B87E922D6812}.Release|x64.ActiveCfg = Release|Any CPU
		{F6C0AC1D-2CB6-4559-9E23-B87E922D6812}.Release|x64.Build.0 = Release|Any CPU
		{F6C0AC1D-2CB6-4559-9E23-B87E922D6812}.Release|x86.ActiveCfg = Release|Any CPU
		{F6C0AC1D-2CB6-4559-9E23-B87E922D6812}.Release|x86.Build.0 = Release|Any CPU
		{AD273F42-1822-4281-ADE5-1B66F1FDC454}.Debug|Any CPU.ActiveCfg = Debug|Any CPU
		{AD273F42-1822-4281-ADE5-1B66F1FDC454}.Debug|Any CPU.Build.0 = Debug|Any CPU
		{AD273F42-1822-4281-ADE5-1B66F1FDC454}.Debug|x64.ActiveCfg = Debug|Any CPU
		{AD273F42-1822-4281-ADE5-1B66F1FDC454}.Debug|x64.Build.0 = Debug|Any CPU
		{AD273F42-1822-4281-ADE5-1B66F1FDC454}.Debug|x86.ActiveCfg = Debug|Any CPU
		{AD273F42-1822-4281-ADE5-1B66F1FDC454}.Debug|x86.Build.0 = Debug|Any CPU
		{AD273F42-1822-4281-ADE5-1B66F1FDC454}.Release|Any CPU.ActiveCfg = Release|Any CPU
		{AD273F42-1822-4281-ADE5-1B66F1FDC454}.Release|Any CPU.Build.0 = Release|Any CPU
		{AD273F42-1822-4281-ADE5-1B66F1FDC454}.Release|x64.ActiveCfg = Release|Any CPU
		{AD273F42-1822-4281-ADE5-1B66F1FDC454}.Release|x64.Build.0 = Release|Any CPU
		{AD273F42-1822-4281-ADE5-1B66F1FDC454}.Release|x86.ActiveCfg = Release|Any CPU
		{AD273F42-1822-4281-ADE5-1B66F1FDC454}.Release|x86.Build.0 = Release|Any CPU
	EndGlobalSection
	GlobalSection(SolutionProperties) = preSolution
		HideSolutionNode = FALSE
	EndGlobalSection
	GlobalSection(NestedProjects) = preSolution
		{E5C8EA7A-FAEF-4B2E-83DA-BB09F17442C2} = {7226ABEA-787E-1D09-10EA-A2ECF996D6A6}
		{ED7F4AA8-E8EF-7492-D846-FADA190C2425} = {CA253913-39DE-BFD0-C9A3-4B7EC6FBDF17}
		{4E0F1BEC-9F6E-9D1F-F891-213CB43EF806} = {ED7F4AA8-E8EF-7492-D846-FADA190C2425}
		{C31DA465-6F2F-4193-858E-27099D7EFF06} = {4E0F1BEC-9F6E-9D1F-F891-213CB43EF806}
		{5EDE3DFC-FE98-F4D0-7CB9-F184CFED0F88} = {ED7F4AA8-E8EF-7492-D846-FADA190C2425}
		{5CC9D5F5-193A-42EE-903E-4473FA140306} = {5EDE3DFC-FE98-F4D0-7CB9-F184CFED0F88}
		{C8107D78-FBDF-8E62-2469-45D81ECFC2F9} = {ED7F4AA8-E8EF-7492-D846-FADA190C2425}
		{5217DBDA-1742-40A1-BA6C-1386738F7525} = {C8107D78-FBDF-8E62-2469-45D81ECFC2F9}
		{818F46AF-6D12-0CBE-987F-A62E23E545A3} = {ED7F4AA8-E8EF-7492-D846-FADA190C2425}
		{9CFE08D8-46BB-4ACF-B92E-32C9206AE334} = {818F46AF-6D12-0CBE-987F-A62E23E545A3}
		{865EEDC0-160E-A0C0-0AAF-C5469E990B83} = {CA253913-39DE-BFD0-C9A3-4B7EC6FBDF17}
		{B1AEA072-8221-1BD9-1544-FD5A67FD6927} = {865EEDC0-160E-A0C0-0AAF-C5469E990B83}
		{28419AE8-C13D-4C23-BFEC-BE8217466029} = {B1AEA072-8221-1BD9-1544-FD5A67FD6927}
		{491F099E-2979-BE46-B24F-1E0E9B55FE29} = {865EEDC0-160E-A0C0-0AAF-C5469E990B83}
		{ED11B952-49A9-4F72-B8DA-FE0BCA67DF53} = {491F099E-2979-BE46-B24F-1E0E9B55FE29}
		{67BAF522-EA79-C63C-1C30-589C9FF4495D} = {865EEDC0-160E-A0C0-0AAF-C5469E990B83}
		{56B7F511-5BBF-47C5-8BC7-12B77E530433} = {67BAF522-EA79-C63C-1C30-589C9FF4495D}
		{EF476102-1DE1-DDA1-A23F-15D033E24E6B} = {865EEDC0-160E-A0C0-0AAF-C5469E990B83}
		{EC6CC075-D741-42DF-8EB1-D61364152C27} = {EF476102-1DE1-DDA1-A23F-15D033E24E6B}
		{F247E599-8D3B-3458-F892-EF27D75C1771} = {CA253913-39DE-BFD0-C9A3-4B7EC6FBDF17}
		{38AEBA38-35D5-DCCF-89F3-A2CD942A6239} = {F247E599-8D3B-3458-F892-EF27D75C1771}
		{86942CC2-DB99-4579-9D2F-13D5034992E6} = {38AEBA38-35D5-DCCF-89F3-A2CD942A6239}
		{3735E2AF-D0C2-C269-60DE-69447BCB1479} = {F247E599-8D3B-3458-F892-EF27D75C1771}
		{2213D3D4-56E5-4AC9-95F2-56FCAB352EC4} = {3735E2AF-D0C2-C269-60DE-69447BCB1479}
		{FAD73FCF-5116-3AAD-B1D5-78A4146FB451} = {F247E599-8D3B-3458-F892-EF27D75C1771}
		{88B7ABC6-1C19-4AD1-9D15-5C83CEBCAB53} = {FAD73FCF-5116-3AAD-B1D5-78A4146FB451}
		{58CEFFB3-48F3-3127-AA53-C1DC0B6ACAFE} = {F247E599-8D3B-3458-F892-EF27D75C1771}
		{ADD928BF-0F85-45C2-B6AA-D13FEFF162C9} = {58CEFFB3-48F3-3127-AA53-C1DC0B6ACAFE}
		{7BA61F92-A04D-02EB-F743-3D3582F88956} = {CA253913-39DE-BFD0-C9A3-4B7EC6FBDF17}
		{979A6F04-6F58-97F1-595A-96F628BADC35} = {7BA61F92-A04D-02EB-F743-3D3582F88956}
		{69120FF0-3D03-4929-89ED-E730DC1C8579} = {979A6F04-6F58-97F1-595A-96F628BADC35}
		{837CF2CF-4A9F-302B-B719-D4865491EC6A} = {7BA61F92-A04D-02EB-F743-3D3582F88956}
		{CAC639F8-9CF2-4C97-8CA1-976D1AB2F592} = {837CF2CF-4A9F-302B-B719-D4865491EC6A}
		{03AB4AA3-C622-9E99-57FC-2113EEDBC3FB} = {7BA61F92-A04D-02EB-F743-3D3582F88956}
		{F6C0AC1D-2CB6-4559-9E23-B87E922D6812} = {03AB4AA3-C622-9E99-57FC-2113EEDBC3FB}
		{97503822-350A-E4AC-1427-B50807F521A5} = {7BA61F92-A04D-02EB-F743-3D3582F88956}
		{AD273F42-1822-4281-ADE5-1B66F1FDC454} = {97503822-350A-E4AC-1427-B50807F521A5}
	EndGlobalSection
EndGlobal
