
Microsoft Visual Studio Solution File, Format Version 12.00
# Visual Studio Version 17
VisualStudioVersion = 17.0.31903.59
MinimumVisualStudioVersion = 10.0.40219.1
Project("{FAE04EC0-301F-11D3-BF4B-00C04F79EFBC}") = "BankSimulator.API", "BankSimulator.API\BankSimulator.API.csproj", "{D288872A-4386-4692-85FB-235F90723E78}"
EndProject
Project("{FAE04EC0-301F-11D3-BF4B-00C04F79EFBC}") = "BankSimulator.Application", "BankSimulator.Application\BankSimulator.Application.csproj", "{A6ECE7BE-74E1-42D8-8847-8159354FB787}"
EndProject
Project("{FAE04EC0-301F-11D3-BF4B-00C04F79EFBC}") = "BankSimulator.CLI", "BankSimulator.CLI\BankSimulator.CLI.csproj", "{8C3236E1-0785-461B-A540-22EC27F09059}"
EndProject
Project("{FAE04EC0-301F-11D3-BF4B-00C04F79EFBC}") = "BankSimulator.Domain", "BankSimulator.Domain\BankSimulator.Domain.csproj", "{79B671EA-79B1-4C09-9633-CA507A0A6F8D}"
EndProject
Project("{FAE04EC0-301F-11D3-BF4B-00C04F79EFBC}") = "BankSimulator.Infrastructure", "BankSimulator.Infrastructure\BankSimulator.Infrastructure.csproj", "{4ECF9EC0-F40F-4290-AE61-AC2D75702CFF}"
EndProject
Global
	GlobalSection(SolutionConfigurationPlatforms) = preSolution
		Debug|Any CPU = Debug|Any CPU
		Debug|x64 = Debug|x64
		Debug|x86 = Debug|x86
		Release|Any CPU = Release|Any CPU
		Release|x64 = Release|x64
		Release|x86 = Release|x86
	EndGlobalSection
	GlobalSection(ProjectConfigurationPlatforms) = postSolution
		{D288872A-4386-4692-85FB-235F90723E78}.Debug|Any CPU.ActiveCfg = Debug|Any CPU
		{D288872A-4386-4692-85FB-235F90723E78}.Debug|Any CPU.Build.0 = Debug|Any CPU
		{D288872A-4386-4692-85FB-235F90723E78}.Debug|x64.ActiveCfg = Debug|Any CPU
		{D288872A-4386-4692-85FB-235F90723E78}.Debug|x64.Build.0 = Debug|Any CPU
		{D288872A-4386-4692-85FB-235F90723E78}.Debug|x86.ActiveCfg = Debug|Any CPU
		{D288872A-4386-4692-85FB-235F90723E78}.Debug|x86.Build.0 = Debug|Any CPU
		{D288872A-4386-4692-85FB-235F90723E78}.Release|Any CPU.ActiveCfg = Release|Any CPU
		{D288872A-4386-4692-85FB-235F90723E78}.Release|Any CPU.Build.0 = Release|Any CPU
		{D288872A-4386-4692-85FB-235F90723E78}.Release|x64.ActiveCfg = Release|Any CPU
		{D288872A-4386-4692-85FB-235F90723E78}.Release|x64.Build.0 = Release|Any CPU
		{D288872A-4386-4692-85FB-235F90723E78}.Release|x86.ActiveCfg = Release|Any CPU
		{D288872A-4386-4692-85FB-235F90723E78}.Release|x86.Build.0 = Release|Any CPU
		{A6ECE7BE-74E1-42D8-8847-8159354FB787}.Debug|Any CPU.ActiveCfg = Debug|Any CPU
		{A6ECE7BE-74E1-42D8-8847-8159354FB787}.Debug|Any CPU.Build.0 = Debug|Any CPU
		{A6ECE7BE-74E1-42D8-8847-8159354FB787}.Debug|x64.ActiveCfg = Debug|Any CPU
		{A6ECE7BE-74E1-42D8-8847-8159354FB787}.Debug|x64.Build.0 = Debug|Any CPU
		{A6ECE7BE-74E1-42D8-8847-8159354FB787}.Debug|x86.ActiveCfg = Debug|Any CPU
		{A6ECE7BE-74E1-42D8-8847-8159354FB787}.Debug|x86.Build.0 = Debug|Any CPU
		{A6ECE7BE-74E1-42D8-8847-8159354FB787}.Release|Any CPU.ActiveCfg = Release|Any CPU
		{A6ECE7BE-74E1-42D8-8847-8159354FB787}.Release|Any CPU.Build.0 = Release|Any CPU
		{A6ECE7BE-74E1-42D8-8847-8159354FB787}.Release|x64.ActiveCfg = Release|Any CPU
		{A6ECE7BE-74E1-42D8-8847-8159354FB787}.Release|x64.Build.0 = Release|Any CPU
		{A6ECE7BE-74E1-42D8-8847-8159354FB787}.Release|x86.ActiveCfg = Release|Any CPU
		{A6ECE7BE-74E1-42D8-8847-8159354FB787}.Release|x86.Build.0 = Release|Any CPU
		{8C3236E1-0785-461B-A540-22EC27F09059}.Debug|Any CPU.ActiveCfg = Debug|Any CPU
		{8C3236E1-0785-461B-A540-22EC27F09059}.Debug|Any CPU.Build.0 = Debug|Any CPU
		{8C3236E1-0785-461B-A540-22EC27F09059}.Debug|x64.ActiveCfg = Debug|Any CPU
		{8C3236E1-0785-461B-A540-22EC27F09059}.Debug|x64.Build.0 = Debug|Any CPU
		{8C3236E1-0785-461B-A540-22EC27F09059}.Debug|x86.ActiveCfg = Debug|Any CPU
		{8C3236E1-0785-461B-A540-22EC27F09059}.Debug|x86.Build.0 = Debug|Any CPU
		{8C3236E1-0785-461B-A540-22EC27F09059}.Release|Any CPU.ActiveCfg = Release|Any CPU
		{8C3236E1-0785-461B-A540-22EC27F09059}.Release|Any CPU.Build.0 = Release|Any CPU
		{8C3236E1-0785-461B-A540-22EC27F09059}.Release|x64.ActiveCfg = Release|Any CPU
		{8C3236E1-0785-461B-A540-22EC27F09059}.Release|x64.Build.0 = Release|Any CPU
		{8C3236E1-0785-461B-A540-22EC27F09059}.Release|x86.ActiveCfg = Release|Any CPU
		{8C3236E1-0785-461B-A540-22EC27F09059}.Release|x86.Build.0 = Release|Any CPU
		{79B671EA-79B1-4C09-9633-CA507A0A6F8D}.Debug|Any CPU.ActiveCfg = Debug|Any CPU
		{79B671EA-79B1-4C09-9633-CA507A0A6F8D}.Debug|Any CPU.Build.0 = Debug|Any CPU
		{79B671EA-79B1-4C09-9633-CA507A0A6F8D}.Debug|x64.ActiveCfg = Debug|Any CPU
		{79B671EA-79B1-4C09-9633-CA507A0A6F8D}.Debug|x64.Build.0 = Debug|Any CPU
		{79B671EA-79B1-4C09-9633-CA507A0A6F8D}.Debug|x86.ActiveCfg = Debug|Any CPU
		{79B671EA-79B1-4C09-9633-CA507A0A6F8D}.Debug|x86.Build.0 = Debug|Any CPU
		{79B671EA-79B1-4C09-9633-CA507A0A6F8D}.Release|Any CPU.ActiveCfg = Release|Any CPU
		{79B671EA-79B1-4C09-9633-CA507A0A6F8D}.Release|Any CPU.Build.0 = Release|Any CPU
		{79B671EA-79B1-4C09-9633-CA507A0A6F8D}.Release|x64.ActiveCfg = Release|Any CPU
		{79B671EA-79B1-4C09-9633-CA507A0A6F8D}.Release|x64.Build.0 = Release|Any CPU
		{79B671EA-79B1-4C09-9633-CA507A0A6F8D}.Release|x86.ActiveCfg = Release|Any CPU
		{79B671EA-79B1-4C09-9633-CA507A0A6F8D}.Release|x86.Build.0 = Release|Any CPU
		{4ECF9EC0-F40F-4290-AE61-AC2D75702CFF}.Debug|Any CPU.ActiveCfg = Debug|Any CPU
		{4ECF9EC0-F40F-4290-AE61-AC2D75702CFF}.Debug|Any CPU.Build.0 = Debug|Any CPU
		{4ECF9EC0-F40F-4290-AE61-AC2D75702CFF}.Debug|x64.ActiveCfg = Debug|Any CPU
		{4ECF9EC0-F40F-4290-AE61-AC2D75702CFF}.Debug|x64.Build.0 = Debug|Any CPU
		{4ECF9EC0-F40F-4290-AE61-AC2D75702CFF}.Debug|x86.ActiveCfg = Debug|Any CPU
		{4ECF9EC0-F40F-4290-AE61-AC2D75702CFF}.Debug|x86.Build.0 = Debug|Any CPU
		{4ECF9EC0-F40F-4290-AE61-AC2D75702CFF}.Release|Any CPU.ActiveCfg = Release|Any CPU
		{4ECF9EC0-F40F-4290-AE61-AC2D75702CFF}.Release|Any CPU.Build.0 = Release|Any CPU
		{4ECF9EC0-F40F-4290-AE61-AC2D75702CFF}.Release|x64.ActiveCfg = Release|Any CPU
		{4ECF9EC0-F40F-4290-AE61-AC2D75702CFF}.Release|x64.Build.0 = Release|Any CPU
		{4ECF9EC0-F40F-4290-AE61-AC2D75702CFF}.Release|x86.ActiveCfg = Release|Any CPU
		{4ECF9EC0-F40F-4290-AE61-AC2D75702CFF}.Release|x86.Build.0 = Release|Any CPU
	EndGlobalSection
	GlobalSection(SolutionProperties) = preSolution
		HideSolutionNode = FALSE
	EndGlobalSection
EndGlobal
